// !$*UTF8*$!
{
	archiveVersion = 1;
	classes = {
	};
	objectVersion = 46;
	objects = {

/* Begin PBXBuildFile section */
		AA01883D21A7120900E7747A /* MainMenu.cpp in Sources */ = {isa = PBXBuildFile; fileRef = AA01883B21A7120900E7747A /* MainMenu.cpp */; };
		AA01884321ACEB7C00E7747A /* Button.cpp in Sources */ = {isa = PBXBuildFile; fileRef = AA01884121ACEB7C00E7747A /* Button.cpp */; };
		AA01885221ADD42E00E7747A /* Camera.cpp in Sources */ = {isa = PBXBuildFile; fileRef = AA01884421ADD42E00E7747A /* Camera.cpp */; };
		AA01885321ADD42E00E7747A /* Cube.cpp in Sources */ = {isa = PBXBuildFile; fileRef = AA01884621ADD42E00E7747A /* Cube.cpp */; };
		AA01885421ADD42E00E7747A /* Matrix.cpp in Sources */ = {isa = PBXBuildFile; fileRef = AA01884821ADD42E00E7747A /* Matrix.cpp */; };
		AA01885521ADD42E00E7747A /* Point.cpp in Sources */ = {isa = PBXBuildFile; fileRef = AA01884A21ADD42E00E7747A /* Point.cpp */; };
		AA01885621ADD42E00E7747A /* Shape.cpp in Sources */ = {isa = PBXBuildFile; fileRef = AA01884C21ADD42E00E7747A /* Shape.cpp */; };
		AA01885721ADD42E00E7747A /* Vector.cpp in Sources */ = {isa = PBXBuildFile; fileRef = AA01884E21ADD42E00E7747A /* Vector.cpp */; };
		AA01885821ADD42E00E7747A /* World.cpp in Sources */ = {isa = PBXBuildFile; fileRef = AA01885021ADD42E00E7747A /* World.cpp */; };
		AA01885A21AF1F4700E7747A /* GLKit.framework in Frameworks */ = {isa = PBXBuildFile; fileRef = AA01885921AF1F4700E7747A /* GLKit.framework */; };
		AA01885C21AF230000E7747A /* OpenCL.framework in Frameworks */ = {isa = PBXBuildFile; fileRef = AA01885B21AF230000E7747A /* OpenCL.framework */; };
		AA01885F21B0473700E7747A /* Character.cpp in Sources */ = {isa = PBXBuildFile; fileRef = AA01885D21B0473700E7747A /* Character.cpp */; };
		AA01886B21B4368600E7747A /* Mountain.cpp in Sources */ = {isa = PBXBuildFile; fileRef = AA01886921B4368600E7747A /* Mountain.cpp */; };
		AA01886F21B4372700E7747A /* Sphere.cpp in Sources */ = {isa = PBXBuildFile; fileRef = AA01886D21B4372700E7747A /* Sphere.cpp */; };
		AAAB14BE21A5FF8700B22D5B /* main.cpp in Sources */ = {isa = PBXBuildFile; fileRef = AAAB14BD21A5FF8700B22D5B /* main.cpp */; };
		AAAB14C621A5FFCC00B22D5B /* OpenGL.framework in Frameworks */ = {isa = PBXBuildFile; fileRef = AAAB14C521A5FFCC00B22D5B /* OpenGL.framework */; };
		AAAB14C821A5FFD400B22D5B /* GLUT.framework in Frameworks */ = {isa = PBXBuildFile; fileRef = AAAB14C721A5FFD400B22D5B /* GLUT.framework */; };
/* End PBXBuildFile section */

/* Begin PBXCopyFilesBuildPhase section */
		AAAB14B821A5FF8700B22D5B /* CopyFiles */ = {
			isa = PBXCopyFilesBuildPhase;
			buildActionMask = 2147483647;
			dstPath = /usr/share/man/man1/;
			dstSubfolderSpec = 0;
			files = (
			);
			runOnlyForDeploymentPostprocessing = 1;
		};
/* End PBXCopyFilesBuildPhase section */

/* Begin PBXFileReference section */
		AA01883B21A7120900E7747A /* MainMenu.cpp */ = {isa = PBXFileReference; fileEncoding = 4; lastKnownFileType = sourcecode.cpp.cpp; path = MainMenu.cpp; sourceTree = "<group>"; };
		AA01883C21A7120900E7747A /* MainMenu.hpp */ = {isa = PBXFileReference; fileEncoding = 4; lastKnownFileType = sourcecode.cpp.h; path = MainMenu.hpp; sourceTree = "<group>"; };
		AA01884121ACEB7C00E7747A /* Button.cpp */ = {isa = PBXFileReference; fileEncoding = 4; lastKnownFileType = sourcecode.cpp.cpp; path = Button.cpp; sourceTree = "<group>"; };
		AA01884221ACEB7C00E7747A /* Button.hpp */ = {isa = PBXFileReference; fileEncoding = 4; lastKnownFileType = sourcecode.cpp.h; path = Button.hpp; sourceTree = "<group>"; };
		AA01884421ADD42E00E7747A /* Camera.cpp */ = {isa = PBXFileReference; fileEncoding = 4; lastKnownFileType = sourcecode.cpp.cpp; path = Camera.cpp; sourceTree = "<group>"; };
		AA01884521ADD42E00E7747A /* Camera.hpp */ = {isa = PBXFileReference; fileEncoding = 4; lastKnownFileType = sourcecode.cpp.h; path = Camera.hpp; sourceTree = "<group>"; };
		AA01884621ADD42E00E7747A /* Cube.cpp */ = {isa = PBXFileReference; fileEncoding = 4; lastKnownFileType = sourcecode.cpp.cpp; path = Cube.cpp; sourceTree = "<group>"; };
		AA01884721ADD42E00E7747A /* Cube.hpp */ = {isa = PBXFileReference; fileEncoding = 4; lastKnownFileType = sourcecode.cpp.h; path = Cube.hpp; sourceTree = "<group>"; };
		AA01884821ADD42E00E7747A /* Matrix.cpp */ = {isa = PBXFileReference; fileEncoding = 4; lastKnownFileType = sourcecode.cpp.cpp; path = Matrix.cpp; sourceTree = "<group>"; };
		AA01884921ADD42E00E7747A /* Matrix.hpp */ = {isa = PBXFileReference; fileEncoding = 4; lastKnownFileType = sourcecode.cpp.h; path = Matrix.hpp; sourceTree = "<group>"; };
		AA01884A21ADD42E00E7747A /* Point.cpp */ = {isa = PBXFileReference; fileEncoding = 4; lastKnownFileType = sourcecode.cpp.cpp; path = Point.cpp; sourceTree = "<group>"; };
		AA01884B21ADD42E00E7747A /* Point.hpp */ = {isa = PBXFileReference; fileEncoding = 4; lastKnownFileType = sourcecode.cpp.h; path = Point.hpp; sourceTree = "<group>"; };
		AA01884C21ADD42E00E7747A /* Shape.cpp */ = {isa = PBXFileReference; fileEncoding = 4; lastKnownFileType = sourcecode.cpp.cpp; path = Shape.cpp; sourceTree = "<group>"; };
		AA01884D21ADD42E00E7747A /* Shape.hpp */ = {isa = PBXFileReference; fileEncoding = 4; lastKnownFileType = sourcecode.cpp.h; path = Shape.hpp; sourceTree = "<group>"; };
		AA01884E21ADD42E00E7747A /* Vector.cpp */ = {isa = PBXFileReference; fileEncoding = 4; lastKnownFileType = sourcecode.cpp.cpp; path = Vector.cpp; sourceTree = "<group>"; };
		AA01884F21ADD42E00E7747A /* Vector.hpp */ = {isa = PBXFileReference; fileEncoding = 4; lastKnownFileType = sourcecode.cpp.h; path = Vector.hpp; sourceTree = "<group>"; };
		AA01885021ADD42E00E7747A /* World.cpp */ = {isa = PBXFileReference; fileEncoding = 4; lastKnownFileType = sourcecode.cpp.cpp; path = World.cpp; sourceTree = "<group>"; };
		AA01885121ADD42E00E7747A /* World.hpp */ = {isa = PBXFileReference; fileEncoding = 4; lastKnownFileType = sourcecode.cpp.h; path = World.hpp; sourceTree = "<group>"; };
		AA01885921AF1F4700E7747A /* GLKit.framework */ = {isa = PBXFileReference; lastKnownFileType = wrapper.framework; name = GLKit.framework; path = System/Library/Frameworks/GLKit.framework; sourceTree = SDKROOT; };
		AA01885B21AF230000E7747A /* OpenCL.framework */ = {isa = PBXFileReference; lastKnownFileType = wrapper.framework; name = OpenCL.framework; path = System/Library/Frameworks/OpenCL.framework; sourceTree = SDKROOT; };
		AA01885D21B0473700E7747A /* Character.cpp */ = {isa = PBXFileReference; fileEncoding = 4; lastKnownFileType = sourcecode.cpp.cpp; path = Character.cpp; sourceTree = "<group>"; };
		AA01885E21B0473700E7747A /* Character.hpp */ = {isa = PBXFileReference; fileEncoding = 4; lastKnownFileType = sourcecode.cpp.h; path = Character.hpp; sourceTree = "<group>"; };
		AA01886921B4368600E7747A /* Mountain.cpp */ = {isa = PBXFileReference; fileEncoding = 4; lastKnownFileType = sourcecode.cpp.cpp; path = Mountain.cpp; sourceTree = "<group>"; };
		AA01886A21B4368600E7747A /* Mountain.hpp */ = {isa = PBXFileReference; fileEncoding = 4; lastKnownFileType = sourcecode.cpp.h; path = Mountain.hpp; sourceTree = "<group>"; };
		AA01886D21B4372700E7747A /* Sphere.cpp */ = {isa = PBXFileReference; fileEncoding = 4; lastKnownFileType = sourcecode.cpp.cpp; path = Sphere.cpp; sourceTree = "<group>"; };
		AA01886E21B4372700E7747A /* Sphere.hpp */ = {isa = PBXFileReference; fileEncoding = 4; lastKnownFileType = sourcecode.cpp.h; path = Sphere.hpp; sourceTree = "<group>"; };
		AAAB14BA21A5FF8700B22D5B /* mountaineer */ = {isa = PBXFileReference; explicitFileType = "compiled.mach-o.executable"; includeInIndex = 0; path = mountaineer; sourceTree = BUILT_PRODUCTS_DIR; };
		AAAB14BD21A5FF8700B22D5B /* main.cpp */ = {isa = PBXFileReference; lastKnownFileType = sourcecode.cpp.cpp; path = main.cpp; sourceTree = "<group>"; };
		AAAB14C521A5FFCC00B22D5B /* OpenGL.framework */ = {isa = PBXFileReference; lastKnownFileType = wrapper.framework; name = OpenGL.framework; path = System/Library/Frameworks/OpenGL.framework; sourceTree = SDKROOT; };
		AAAB14C721A5FFD400B22D5B /* GLUT.framework */ = {isa = PBXFileReference; lastKnownFileType = wrapper.framework; name = GLUT.framework; path = System/Library/Frameworks/GLUT.framework; sourceTree = SDKROOT; };
/* End PBXFileReference section */

/* Begin PBXFrameworksBuildPhase section */
		AAAB14B721A5FF8700B22D5B /* Frameworks */ = {
			isa = PBXFrameworksBuildPhase;
			buildActionMask = 2147483647;
			files = (
				AA01885C21AF230000E7747A /* OpenCL.framework in Frameworks */,
				AAAB14C821A5FFD400B22D5B /* GLUT.framework in Frameworks */,
				AA01885A21AF1F4700E7747A /* GLKit.framework in Frameworks */,
				AAAB14C621A5FFCC00B22D5B /* OpenGL.framework in Frameworks */,
			);
			runOnlyForDeploymentPostprocessing = 0;
		};
/* End PBXFrameworksBuildPhase section */

/* Begin PBXGroup section */
		AAAB14B121A5FF8700B22D5B = {
			isa = PBXGroup;
			children = (
				AAAB14BC21A5FF8700B22D5B /* mountaineer */,
				AAAB14BB21A5FF8700B22D5B /* Products */,
				AAAB14C421A5FFCC00B22D5B /* Frameworks */,
			);
			sourceTree = "<group>";
		};
		AAAB14BB21A5FF8700B22D5B /* Products */ = {
			isa = PBXGroup;
			children = (
				AAAB14BA21A5FF8700B22D5B /* mountaineer */,
			);
			name = Products;
			sourceTree = "<group>";
		};
		AAAB14BC21A5FF8700B22D5B /* mountaineer */ = {
			isa = PBXGroup;
			children = (
				AAAB14C921A6026A00B22D5B /* src */,
			);
			path = mountaineer;
			sourceTree = "<group>";
		};
		AAAB14C421A5FFCC00B22D5B /* Frameworks */ = {
			isa = PBXGroup;
			children = (
				AA01885B21AF230000E7747A /* OpenCL.framework */,
				AA01885921AF1F4700E7747A /* GLKit.framework */,
				AAAB14C721A5FFD400B22D5B /* GLUT.framework */,
				AAAB14C521A5FFCC00B22D5B /* OpenGL.framework */,
			);
			name = Frameworks;
			sourceTree = "<group>";
		};
		AAAB14C921A6026A00B22D5B /* src */ = {
			isa = PBXGroup;
			children = (
				AAAB14BD21A5FF8700B22D5B /* main.cpp */,
				AA01883B21A7120900E7747A /* MainMenu.cpp */,
				AA01883C21A7120900E7747A /* MainMenu.hpp */,
				AA01886921B4368600E7747A /* Mountain.cpp */,
				AA01886A21B4368600E7747A /* Mountain.hpp */,
				AA01886D21B4372700E7747A /* Sphere.cpp */,
				AA01886E21B4372700E7747A /* Sphere.hpp */,
				AA01884121ACEB7C00E7747A /* Button.cpp */,
				AA01884221ACEB7C00E7747A /* Button.hpp */,
				AA01885D21B0473700E7747A /* Character.cpp */,
				AA01885E21B0473700E7747A /* Character.hpp */,
				AA01884421ADD42E00E7747A /* Camera.cpp */,
				AA01884521ADD42E00E7747A /* Camera.hpp */,
				AA01884621ADD42E00E7747A /* Cube.cpp */,
				AA01884721ADD42E00E7747A /* Cube.hpp */,
				AA01884821ADD42E00E7747A /* Matrix.cpp */,
				AA01884921ADD42E00E7747A /* Matrix.hpp */,
				AA01884A21ADD42E00E7747A /* Point.cpp */,
				AA01884B21ADD42E00E7747A /* Point.hpp */,
				AA01884C21ADD42E00E7747A /* Shape.cpp */,
				AA01884D21ADD42E00E7747A /* Shape.hpp */,
				AA01884E21ADD42E00E7747A /* Vector.cpp */,
				AA01884F21ADD42E00E7747A /* Vector.hpp */,
				AA01885021ADD42E00E7747A /* World.cpp */,
				AA01885121ADD42E00E7747A /* World.hpp */,
			);
			name = src;
			sourceTree = "<group>";
		};
/* End PBXGroup section */

/* Begin PBXNativeTarget section */
		AAAB14B921A5FF8700B22D5B /* mountaineer */ = {
			isa = PBXNativeTarget;
			buildConfigurationList = AAAB14C121A5FF8700B22D5B /* Build configuration list for PBXNativeTarget "mountaineer" */;
			buildPhases = (
				AAAB14B621A5FF8700B22D5B /* Sources */,
				AAAB14B721A5FF8700B22D5B /* Frameworks */,
				AAAB14B821A5FF8700B22D5B /* CopyFiles */,
			);
			buildRules = (
			);
			dependencies = (
			);
			name = mountaineer;
			productName = mountaineer;
			productReference = AAAB14BA21A5FF8700B22D5B /* mountaineer */;
			productType = "com.apple.product-type.tool";
		};
/* End PBXNativeTarget section */

/* Begin PBXProject section */
		AAAB14B221A5FF8700B22D5B /* Project object */ = {
			isa = PBXProject;
			attributes = {
				LastUpgradeCheck = 0820;
				ORGANIZATIONNAME = "Jackson Newlands";
				TargetAttributes = {
					AAAB14B921A5FF8700B22D5B = {
						CreatedOnToolsVersion = 8.2.1;
						ProvisioningStyle = Automatic;
					};
				};
			};
			buildConfigurationList = AAAB14B521A5FF8700B22D5B /* Build configuration list for PBXProject "mountaineer" */;
			compatibilityVersion = "Xcode 3.2";
			developmentRegion = English;
			hasScannedForEncodings = 0;
			knownRegions = (
				en,
			);
			mainGroup = AAAB14B121A5FF8700B22D5B;
			productRefGroup = AAAB14BB21A5FF8700B22D5B /* Products */;
			projectDirPath = "";
			projectRoot = "";
			targets = (
				AAAB14B921A5FF8700B22D5B /* mountaineer */,
			);
		};
/* End PBXProject section */

/* Begin PBXSourcesBuildPhase section */
		AAAB14B621A5FF8700B22D5B /* Sources */ = {
			isa = PBXSourcesBuildPhase;
			buildActionMask = 2147483647;
			files = (
				AA01885421ADD42E00E7747A /* Matrix.cpp in Sources */,
				AA01885321ADD42E00E7747A /* Cube.cpp in Sources */,
				AA01885721ADD42E00E7747A /* Vector.cpp in Sources */,
				AAAB14BE21A5FF8700B22D5B /* main.cpp in Sources */,
				AA01883D21A7120900E7747A /* MainMenu.cpp in Sources */,
				AA01885521ADD42E00E7747A /* Point.cpp in Sources */,
				AA01885821ADD42E00E7747A /* World.cpp in Sources */,
				AA01885221ADD42E00E7747A /* Camera.cpp in Sources */,
				AA01886B21B4368600E7747A /* Mountain.cpp in Sources */,
				AA01884321ACEB7C00E7747A /* Button.cpp in Sources */,
				AA01886F21B4372700E7747A /* Sphere.cpp in Sources */,
				AA01885F21B0473700E7747A /* Character.cpp in Sources */,
				AA01885621ADD42E00E7747A /* Shape.cpp in Sources */,
			);
			runOnlyForDeploymentPostprocessing = 0;
		};
/* End PBXSourcesBuildPhase section */

/* Begin XCBuildConfiguration section */
		AAAB14BF21A5FF8700B22D5B /* Debug */ = {
			isa = XCBuildConfiguration;
			buildSettings = {
				ALWAYS_SEARCH_USER_PATHS = NO;
				CLANG_ANALYZER_NONNULL = YES;
				CLANG_CXX_LANGUAGE_STANDARD = "gnu++0x";
				CLANG_CXX_LIBRARY = "libc++";
				CLANG_ENABLE_MODULES = YES;
				CLANG_ENABLE_OBJC_ARC = YES;
				CLANG_WARN_BOOL_CONVERSION = YES;
				CLANG_WARN_CONSTANT_CONVERSION = YES;
				CLANG_WARN_DIRECT_OBJC_ISA_USAGE = YES_ERROR;
				CLANG_WARN_DOCUMENTATION_COMMENTS = YES;
				CLANG_WARN_EMPTY_BODY = YES;
				CLANG_WARN_ENUM_CONVERSION = YES;
				CLANG_WARN_INFINITE_RECURSION = YES;
				CLANG_WARN_INT_CONVERSION = YES;
				CLANG_WARN_OBJC_ROOT_CLASS = YES_ERROR;
				CLANG_WARN_SUSPICIOUS_MOVE = YES;
				CLANG_WARN_UNREACHABLE_CODE = YES;
				CLANG_WARN__DUPLICATE_METHOD_MATCH = YES;
				CODE_SIGN_IDENTITY = "-";
				COPY_PHASE_STRIP = NO;
				DEBUG_INFORMATION_FORMAT = dwarf;
				ENABLE_STRICT_OBJC_MSGSEND = YES;
				ENABLE_TESTABILITY = YES;
				GCC_C_LANGUAGE_STANDARD = gnu99;
				GCC_DYNAMIC_NO_PIC = NO;
				GCC_NO_COMMON_BLOCKS = YES;
				GCC_OPTIMIZATION_LEVEL = 0;
				GCC_PREPROCESSOR_DEFINITIONS = (
					"DEBUG=1",
					"$(inherited)",
				);
				GCC_WARN_64_TO_32_BIT_CONVERSION = YES;
				GCC_WARN_ABOUT_RETURN_TYPE = YES_ERROR;
				GCC_WARN_UNDECLARED_SELECTOR = YES;
				GCC_WARN_UNINITIALIZED_AUTOS = YES_AGGRESSIVE;
				GCC_WARN_UNUSED_FUNCTION = YES;
				GCC_WARN_UNUSED_VARIABLE = YES;
				MACOSX_DEPLOYMENT_TARGET = 10.11;
				MTL_ENABLE_DEBUG_INFO = YES;
				ONLY_ACTIVE_ARCH = YES;
				SDKROOT = macosx;
			};
			name = Debug;
		};
		AAAB14C021A5FF8700B22D5B /* Release */ = {
			isa = XCBuildConfiguration;
			buildSettings = {
				ALWAYS_SEARCH_USER_PATHS = NO;
				CLANG_ANALYZER_NONNULL = YES;
				CLANG_CXX_LANGUAGE_STANDARD = "gnu++0x";
				CLANG_CXX_LIBRARY = "libc++";
				CLANG_ENABLE_MODULES = YES;
				CLANG_ENABLE_OBJC_ARC = YES;
				CLANG_WARN_BOOL_CONVERSION = YES;
				CLANG_WARN_CONSTANT_CONVERSION = YES;
				CLANG_WARN_DIRECT_OBJC_ISA_USAGE = YES_ERROR;
				CLANG_WARN_DOCUMENTATION_COMMENTS = YES;
				CLANG_WARN_EMPTY_BODY = YES;
				CLANG_WARN_ENUM_CONVERSION = YES;
				CLANG_WARN_INFINITE_RECURSION = YES;
				CLANG_WARN_INT_CONVERSION = YES;
				CLANG_WARN_OBJC_ROOT_CLASS = YES_ERROR;
				CLANG_WARN_SUSPICIOUS_MOVE = YES;
				CLANG_WARN_UNREACHABLE_CODE = YES;
				CLANG_WARN__DUPLICATE_METHOD_MATCH = YES;
				CODE_SIGN_IDENTITY = "-";
				COPY_PHASE_STRIP = NO;
				DEBUG_INFORMATION_FORMAT = "dwarf-with-dsym";
				ENABLE_NS_ASSERTIONS = NO;
				ENABLE_STRICT_OBJC_MSGSEND = YES;
				GCC_C_LANGUAGE_STANDARD = gnu99;
				GCC_NO_COMMON_BLOCKS = YES;
				GCC_WARN_64_TO_32_BIT_CONVERSION = YES;
				GCC_WARN_ABOUT_RETURN_TYPE = YES_ERROR;
				GCC_WARN_UNDECLARED_SELECTOR = YES;
				GCC_WARN_UNINITIALIZED_AUTOS = YES_AGGRESSIVE;
				GCC_WARN_UNUSED_FUNCTION = YES;
				GCC_WARN_UNUSED_VARIABLE = YES;
				MACOSX_DEPLOYMENT_TARGET = 10.11;
				MTL_ENABLE_DEBUG_INFO = NO;
				SDKROOT = macosx;
			};
			name = Release;
		};
		AAAB14C221A5FF8700B22D5B /* Debug */ = {
			isa = XCBuildConfiguration;
			buildSettings = {
				GCC_WARN_ABOUT_DEPRECATED_FUNCTIONS = NO;
				HEADER_SEARCH_PATHS = /usr/local/include/;
				LIBRARY_SEARCH_PATHS = /usr/local/lib/;
				PRODUCT_NAME = "$(TARGET_NAME)";
			};
			name = Debug;
		};
		AAAB14C321A5FF8700B22D5B /* Release */ = {
			isa = XCBuildConfiguration;
			buildSettings = {
				GCC_WARN_ABOUT_DEPRECATED_FUNCTIONS = NO;
				HEADER_SEARCH_PATHS = /usr/local/include/;
				LIBRARY_SEARCH_PATHS = /usr/local/lib/;
				PRODUCT_NAME = "$(TARGET_NAME)";
			};
			name = Release;
		};
/* End XCBuildConfiguration section */

/* Begin XCConfigurationList section */
		AAAB14B521A5FF8700B22D5B /* Build configuration list for PBXProject "mountaineer" */ = {
			isa = XCConfigurationList;
			buildConfigurations = (
				AAAB14BF21A5FF8700B22D5B /* Debug */,
				AAAB14C021A5FF8700B22D5B /* Release */,
			);
			defaultConfigurationIsVisible = 0;
			defaultConfigurationName = Release;
		};
		AAAB14C121A5FF8700B22D5B /* Build configuration list for PBXNativeTarget "mountaineer" */ = {
			isa = XCConfigurationList;
			buildConfigurations = (
				AAAB14C221A5FF8700B22D5B /* Debug */,
				AAAB14C321A5FF8700B22D5B /* Release */,
			);
			defaultConfigurationIsVisible = 0;
			defaultConfigurationName = Release;
		};
/* End XCConfigurationList section */
	};
	rootObject = AAAB14B221A5FF8700B22D5B /* Project object */;
}
